
Microsoft Visual Studio Solution File, Format Version 12.00
# Visual Studio Version 17
VisualStudioVersion = 17.10.34928.147
MinimumVisualStudioVersion = 10.0.40219.1
Project("{FAE04EC0-301F-11D3-BF4B-00C04F79EFBC}") = "Presentacion", "Presentacion\Presentacion.csproj", "{7839C5D7-7C2C-43F4-97D5-B1EFE65CB994}"
	ProjectSection(ProjectDependencies) = postProject
		{70F54231-32B0-4408-867C-F30479E9C094} = {70F54231-32B0-4408-867C-F30479E9C094}
	EndProjectSection
EndProject
Project("{FAE04EC0-301F-11D3-BF4B-00C04F79EFBC}") = "Modelo", "Modelo\Modelo.csproj", "{277DD7AF-70D0-40BD-A508-2289995244BE}"
EndProject
Project("{FAE04EC0-301F-11D3-BF4B-00C04F79EFBC}") = "Negocio", "Negocio\Negocio.csproj", "{C254B3A0-AF2B-46B6-967D-5E896FBAFFAC}"
EndProject
Project("{FAE04EC0-301F-11D3-BF4B-00C04F79EFBC}") = "AccesoaDatos", "AccesoaDatos\AccesoaDatos.csproj", "{70F54231-32B0-4408-867C-F30479E9C094}"
EndProject
Global
	GlobalSection(SolutionConfigurationPlatforms) = preSolution
		Debug|Any CPU = Debug|Any CPU
		Release|Any CPU = Release|Any CPU
	EndGlobalSection
	GlobalSection(ProjectConfigurationPlatforms) = postSolution
		{7839C5D7-7C2C-43F4-97D5-B1EFE65CB994}.Debug|Any CPU.ActiveCfg = Debug|Any CPU
		{7839C5D7-7C2C-43F4-97D5-B1EFE65CB994}.Debug|Any CPU.Build.0 = Debug|Any CPU
		{7839C5D7-7C2C-43F4-97D5-B1EFE65CB994}.Release|Any CPU.ActiveCfg = Release|Any CPU
		{7839C5D7-7C2C-43F4-97D5-B1EFE65CB994}.Release|Any CPU.Build.0 = Release|Any CPU
		{277DD7AF-70D0-40BD-A508-2289995244BE}.Debug|Any CPU.ActiveCfg = Debug|Any CPU
		{277DD7AF-70D0-40BD-A508-2289995244BE}.Debug|Any CPU.Build.0 = Debug|Any CPU
		{277DD7AF-70D0-40BD-A508-2289995244BE}.Release|Any CPU.ActiveCfg = Release|Any CPU
		{277DD7AF-70D0-40BD-A508-2289995244BE}.Release|Any CPU.Build.0 = Release|Any CPU
		{C254B3A0-AF2B-46B6-967D-5E896FBAFFAC}.Debug|Any CPU.ActiveCfg = Debug|Any CPU
		{C254B3A0-AF2B-46B6-967D-5E896FBAFFAC}.Debug|Any CPU.Build.0 = Debug|Any CPU
		{C254B3A0-AF2B-46B6-967D-5E896FBAFFAC}.Release|Any CPU.ActiveCfg = Release|Any CPU
		{C254B3A0-AF2B-46B6-967D-5E896FBAFFAC}.Release|Any CPU.Build.0 = Release|Any CPU
		{70F54231-32B0-4408-867C-F30479E9C094}.Debug|Any CPU.ActiveCfg = Debug|Any CPU
		{70F54231-32B0-4408-867C-F30479E9C094}.Debug|Any CPU.Build.0 = Debug|Any CPU
		{70F54231-32B0-4408-867C-F30479E9C094}.Release|Any CPU.ActiveCfg = Release|Any CPU
		{70F54231-32B0-4408-867C-F30479E9C094}.Release|Any CPU.Build.0 = Release|Any CPU
	EndGlobalSection
	GlobalSection(SolutionProperties) = preSolution
		HideSolutionNode = FALSE
	EndGlobalSection
	GlobalSection(ExtensibilityGlobals) = postSolution
		SolutionGuid = {F7D4A82C-596E-491C-A7A5-430D9C133001}
	EndGlobalSection
EndGlobal
